# This file is automatically @generated by Cargo.
# It is not intended for manual editing.
version = 3

[[package]]
name = "makepad-derive-live"
version = "0.3.0"
dependencies = [
 "makepad-live-id",
 "makepad-micro-proc-macro",
]

[[package]]
name = "makepad-derive-wasm-bridge"
version = "0.3.0"
dependencies = [
 "makepad-micro-proc-macro",
]

[[package]]
name = "makepad-derive-widget"
version = "0.3.0"
dependencies = [
 "makepad-live-id",
 "makepad-micro-proc-macro",
]

[[package]]
name = "makepad-draw"
version = "0.3.0"
dependencies = [
 "makepad-image-formats",
 "makepad-platform",
 "makepad-vector",
]

[[package]]
name = "makepad-error-log"
version = "0.3.0"

[[package]]
name = "makepad-futures"
version = "0.1.0"

[[package]]
name = "makepad-futures-legacy"
version = "0.3.0"

[[package]]
name = "makepad-image-formats"
version = "0.3.0"

[[package]]
name = "makepad-live-compiler"
version = "0.3.0"
dependencies = [
 "makepad-derive-live",
 "makepad-live-tokenizer",
 "makepad-math",
]

[[package]]
name = "makepad-live-id"
version = "0.3.0"
dependencies = [
 "makepad-error-log",
 "makepad-live-id-macros",
]

[[package]]
name = "makepad-live-id-macros"
version = "0.3.0"
dependencies = [
 "makepad-micro-proc-macro",
]

[[package]]
name = "makepad-live-tokenizer"
version = "0.3.0"
dependencies = [
 "makepad-live-id",
 "makepad-math",
 "makepad-micro-serde",
]

[[package]]
name = "makepad-math"
version = "0.3.0"

[[package]]
name = "makepad-micro-proc-macro"
version = "0.3.0"

[[package]]
name = "makepad-micro-serde"
version = "0.3.0"
dependencies = [
 "makepad-micro-serde-derive",
]

[[package]]
name = "makepad-micro-serde-derive"
version = "0.3.0"
dependencies = [
 "makepad-micro-proc-macro",
]

[[package]]
name = "makepad-objc-sys"
version = "0.3.0"

[[package]]
name = "makepad-platform"
version = "0.3.0"
dependencies = [
 "makepad-futures",
 "makepad-futures-legacy",
 "makepad-objc-sys",
 "makepad-shader-compiler",
 "makepad-wasm-bridge",
 "makepad-windows",
]

[[package]]
name = "makepad-shader-compiler"
version = "0.3.0"
dependencies = [
 "makepad-live-compiler",
]

[[package]]
name = "makepad-vector"
version = "0.3.0"

[[package]]
name = "makepad-wasm-bridge"
version = "0.3.0"
dependencies = [
 "makepad-derive-wasm-bridge",
 "makepad-live-id",
]

[[package]]
name = "makepad-widgets"
version = "0.3.0"
dependencies = [
 "makepad-derive-widget",
 "makepad-draw",
]

[[package]]
name = "makepad-windows"
version = "0.3.0"
dependencies = [
 "windows_aarch64_gnullvm",
 "windows_aarch64_msvc",
 "windows_i686_gnu",
 "windows_i686_msvc",
 "windows_x86_64_gnu",
 "windows_x86_64_gnullvm",
 "windows_x86_64_msvc",
]

[[package]]
name = "makepad_wechat"
version = "0.1.0"
dependencies = [
 "makepad-platform",
 "makepad-widgets",
]

[[package]]
name = "windows_aarch64_gnullvm"
version = "0.42.2"
source = "registry+https://github.com/rust-lang/crates.io-index"
checksum = "597a5118570b68bc08d8d59125332c54f1ba9d9adeedeef5b99b02ba2b0698f8"

[[package]]
name = "windows_aarch64_msvc"
version = "0.42.2"
source = "registry+https://github.com/rust-lang/crates.io-index"
checksum = "e08e8864a60f06ef0d0ff4ba04124db8b0fb3be5776a5cd47641e942e58c4d43"

[[package]]
name = "windows_i686_gnu"
version = "0.42.2"
source = "registry+https://github.com/rust-lang/crates.io-index"
checksum = "c61d927d8da41da96a81f029489353e68739737d3beca43145c8afec9a31a84f"

[[package]]
name = "windows_i686_msvc"
version = "0.42.2"
source = "registry+https://github.com/rust-lang/crates.io-index"
checksum = "44d840b6ec649f480a41c8d80f9c65108b92d89345dd94027bfe06ac444d1060"

[[package]]
name = "windows_x86_64_gnu"
version = "0.42.2"
source = "registry+https://github.com/rust-lang/crates.io-index"
checksum = "8de912b8b8feb55c064867cf047dda097f92d51efad5b491dfb98f6bbb70cb36"

[[package]]
name = "windows_x86_64_gnullvm"
version = "0.42.2"
source = "registry+https://github.com/rust-lang/crates.io-index"
checksum = "26d41b46a36d453748aedef1486d5c7a85db22e56aff34643984ea85514e94a3"

[[package]]
name = "windows_x86_64_msvc"
version = "0.42.2"
source = "registry+https://github.com/rust-lang/crates.io-index"
checksum = "9aec5da331524158c6d1a4ac0ab1541149c0b9505fde06423b02f5ef0106b9f0"
